
Microsoft Visual Studio Solution File, Format Version 12.00
# Visual Studio Version 17
VisualStudioVersion = 17.11.35222.181
MinimumVisualStudioVersion = 10.0.40219.1
Project("{FAE04EC0-301F-11D3-BF4B-00C04F79EFBC}") = "Fall2024-Assignment3-nrpucci1", "Fall2024-Assignment3-nrpucci1\Fall2024-Assignment3-nrpucci1.csproj", "{E6F9C1A6-26FD-4663-B0D5-411ABA262FFF}"
EndProject
Global
	GlobalSection(SolutionConfigurationPlatforms) = preSolution
		Debug|Any CPU = Debug|Any CPU
		Release|Any CPU = Release|Any CPU
	EndGlobalSection
	GlobalSection(ProjectConfigurationPlatforms) = postSolution
		{E6F9C1A6-26FD-4663-B0D5-411ABA262FFF}.Debug|Any CPU.ActiveCfg = Debug|Any CPU
		{E6F9C1A6-26FD-4663-B0D5-411ABA262FFF}.Debug|Any CPU.Build.0 = Debug|Any CPU
		{E6F9C1A6-26FD-4663-B0D5-411ABA262FFF}.Release|Any CPU.ActiveCfg = Release|Any CPU
		{E6F9C1A6-26FD-4663-B0D5-411ABA262FFF}.Release|Any CPU.Build.0 = Release|Any CPU
	EndGlobalSection
	GlobalSection(SolutionProperties) = preSolution
		HideSolutionNode = FALSE
	EndGlobalSection
	GlobalSection(ExtensibilityGlobals) = postSolution
		SolutionGuid = {A2E2C65E-22C9-45F5-961F-BD5666B9A499}
	EndGlobalSection
EndGlobal
